schema: '2.0'
stages:
  train:
    cmd: python train.py
    deps:
    - path: requirements.txt
      hash: md5
      md5: 05e4d5ff9abb06b4bcb873a4700ff312
      size: 159
    - path: train.py
      hash: md5
      md5: b321631c5a2a867ee23280d1b41f8a00
      size: 4426
    outs:
    - path: metrics/confusion_matrix.png
      hash: md5
      md5: c517cd1e598e34019f4ad78c4718b218
      size: 43305
    - path: metrics/metrics.csv
      hash: md5
      md5: 458518017a314dab77e241f1b34d7943
      size: 112
    - path: metrics/metrics.json
      hash: md5
      md5: f9cb9967a692f479592f5999e6a8d2dc
      size: 60
    - path: model.h5
      hash: md5
      md5: ad4a69c9885a73bf744d1eff12f04b20
      size: 1244464
