schema: '2.0'
stages:
  train:
    cmd: python train.py
    deps:
    - path: requirements.txt
      hash: md5
      md5: 05a9a1052a7e449cb58b75c5c0e4f787
      size: 177
    - path: train.py
      hash: md5
      md5: 5029b9862452eec5765f5145efc4aa32
      size: 4808
    outs:
    - path: metrics/metrics.csv
      hash: md5
      md5: 18b11b7cfa0d7e6a75842b79745f062c
      size: 114
    - path: metrics/metrics.json
      hash: md5
      md5: cadaffaee572dcdcae66ce466cabd078
      size: 61
    - path: model.h5
      hash: md5
      md5: 778ac9d562f16d35fec657934fbe2d12
      size: 1244464
