schema: '2.0'
stages:
  train:
    cmd: python train.py
    deps:
    - path: requirements.txt
      hash: md5
      md5: 05e4d5ff9abb06b4bcb873a4700ff312
      size: 159
    - path: train.py
      hash: md5
      md5: ac89d00a78dcd1e74d619f2ef994eb95
      size: 4448
    outs:
    - path: metrics/confusion_matrix.png
      hash: md5
      md5: 4e6b7bd52de9d62103fb151cdb70f654
      size: 44719
    - path: metrics/metrics.csv
      hash: md5
      md5: 70168792c2ac247ce4fd73cdf2f56303
      size: 112
    - path: metrics/metrics.json
      hash: md5
      md5: cc7efaa183a549bcf4db246cd9122e53
      size: 59
    - path: model.h5
      hash: md5
      md5: a46c930341ac685e05f4d4e453782595
      size: 1244464
